
Microsoft Visual Studio Solution File, Format Version 12.00
# Visual Studio Version 17
VisualStudioVersion = 17.0.31903.59
MinimumVisualStudioVersion = 10.0.40219.1
Project("{2150E333-8FDC-42A3-9474-1A3956D46DE8}") = "src", "src", "{827E0CD3-B72D-47B6-A68D-7590B98EB39B}"
EndProject
Project("{FAE04EC0-301F-11D3-BF4B-00C04F79EFBC}") = "MonorailCss", "src\MonorailCss\MonorailCss.csproj", "{CE7E30EC-18BC-47C3-9161-6B16F611B602}"
EndProject
Project("{2150E333-8FDC-42A3-9474-1A3956D46DE8}") = "tests", "tests", "{0AB3BF05-4346-4AA6-1389-037BE0695223}"
EndProject
Project("{FAE04EC0-301F-11D3-BF4B-00C04F79EFBC}") = "MonorailCss.Tests", "tests\MonorailCss.Tests\MonorailCss.Tests.csproj", "{9EF2F06D-7E82-451B-BD96-67FBDB0BEF5A}"
EndProject
Project("{FAE04EC0-301F-11D3-BF4B-00C04F79EFBC}") = "MonorailCss.Interactive", "tests\MonorailCss.Interactive\MonorailCss.Interactive.csproj", "{E1B22488-0669-4431-9A04-3EF9B170DA05}"
EndProject
Project("{FAE04EC0-301F-11D3-BF4B-00C04F79EFBC}") = "MonorailCss.Benchmarks", "tests\MonorailCss.Benchmarks\MonorailCss.Benchmarks.csproj", "{A8B9C1D2-E3F4-5678-9012-3456789ABCDE}"
EndProject
Project("{FAE04EC0-301F-11D3-BF4B-00C04F79EFBC}") = "TryMonorail", "tests\TryMonorail\TryMonorail.csproj", "{16E31BED-6BCC-4EF3-9547-F8327373782A}"
EndProject
Project("{FAE04EC0-301F-11D3-BF4B-00C04F79EFBC}") = "MonorailCss.Build.Tasks", "src\MonorailCss.Build.Tasks\MonorailCss.Build.Tasks.csproj", "{94D25124-396C-4AC9-982B-AD34A7B901E7}"
EndProject
Global
	GlobalSection(SolutionConfigurationPlatforms) = preSolution
		Debug|Any CPU = Debug|Any CPU
		Debug|x64 = Debug|x64
		Debug|x86 = Debug|x86
		Release|Any CPU = Release|Any CPU
		Release|x64 = Release|x64
		Release|x86 = Release|x86
	EndGlobalSection
	GlobalSection(ProjectConfigurationPlatforms) = postSolution
		{CE7E30EC-18BC-47C3-9161-6B16F611B602}.Debug|Any CPU.ActiveCfg = Debug|Any CPU
		{CE7E30EC-18BC-47C3-9161-6B16F611B602}.Debug|Any CPU.Build.0 = Debug|Any CPU
		{CE7E30EC-18BC-47C3-9161-6B16F611B602}.Debug|x64.ActiveCfg = Debug|Any CPU
		{CE7E30EC-18BC-47C3-9161-6B16F611B602}.Debug|x64.Build.0 = Debug|Any CPU
		{CE7E30EC-18BC-47C3-9161-6B16F611B602}.Debug|x86.ActiveCfg = Debug|Any CPU
		{CE7E30EC-18BC-47C3-9161-6B16F611B602}.Debug|x86.Build.0 = Debug|Any CPU
		{CE7E30EC-18BC-47C3-9161-6B16F611B602}.Release|Any CPU.ActiveCfg = Release|Any CPU
		{CE7E30EC-18BC-47C3-9161-6B16F611B602}.Release|Any CPU.Build.0 = Release|Any CPU
		{CE7E30EC-18BC-47C3-9161-6B16F611B602}.Release|x64.ActiveCfg = Release|Any CPU
		{CE7E30EC-18BC-47C3-9161-6B16F611B602}.Release|x64.Build.0 = Release|Any CPU
		{CE7E30EC-18BC-47C3-9161-6B16F611B602}.Release|x86.ActiveCfg = Release|Any CPU
		{CE7E30EC-18BC-47C3-9161-6B16F611B602}.Release|x86.Build.0 = Release|Any CPU
		{9EF2F06D-7E82-451B-BD96-67FBDB0BEF5A}.Debug|Any CPU.ActiveCfg = Debug|Any CPU
		{9EF2F06D-7E82-451B-BD96-67FBDB0BEF5A}.Debug|Any CPU.Build.0 = Debug|Any CPU
		{9EF2F06D-7E82-451B-BD96-67FBDB0BEF5A}.Debug|x64.ActiveCfg = Debug|Any CPU
		{9EF2F06D-7E82-451B-BD96-67FBDB0BEF5A}.Debug|x64.Build.0 = Debug|Any CPU
		{9EF2F06D-7E82-451B-BD96-67FBDB0BEF5A}.Debug|x86.ActiveCfg = Debug|Any CPU
		{9EF2F06D-7E82-451B-BD96-67FBDB0BEF5A}.Debug|x86.Build.0 = Debug|Any CPU
		{9EF2F06D-7E82-451B-BD96-67FBDB0BEF5A}.Release|Any CPU.ActiveCfg = Release|Any CPU
		{9EF2F06D-7E82-451B-BD96-67FBDB0BEF5A}.Release|Any CPU.Build.0 = Release|Any CPU
		{9EF2F06D-7E82-451B-BD96-67FBDB0BEF5A}.Release|x64.ActiveCfg = Release|Any CPU
		{9EF2F06D-7E82-451B-BD96-67FBDB0BEF5A}.Release|x64.Build.0 = Release|Any CPU
		{9EF2F06D-7E82-451B-BD96-67FBDB0BEF5A}.Release|x86.ActiveCfg = Release|Any CPU
		{9EF2F06D-7E82-451B-BD96-67FBDB0BEF5A}.Release|x86.Build.0 = Release|Any CPU
		{E1B22488-0669-4431-9A04-3EF9B170DA05}.Debug|Any CPU.ActiveCfg = Debug|Any CPU
		{E1B22488-0669-4431-9A04-3EF9B170DA05}.Debug|Any CPU.Build.0 = Debug|Any CPU
		{E1B22488-0669-4431-9A04-3EF9B170DA05}.Debug|x64.ActiveCfg = Debug|Any CPU
		{E1B22488-0669-4431-9A04-3EF9B170DA05}.Debug|x64.Build.0 = Debug|Any CPU
		{E1B22488-0669-4431-9A04-3EF9B170DA05}.Debug|x86.ActiveCfg = Debug|Any CPU
		{E1B22488-0669-4431-9A04-3EF9B170DA05}.Debug|x86.Build.0 = Debug|Any CPU
		{E1B22488-0669-4431-9A04-3EF9B170DA05}.Release|Any CPU.ActiveCfg = Release|Any CPU
		{E1B22488-0669-4431-9A04-3EF9B170DA05}.Release|Any CPU.Build.0 = Release|Any CPU
		{E1B22488-0669-4431-9A04-3EF9B170DA05}.Release|x64.ActiveCfg = Release|Any CPU
		{E1B22488-0669-4431-9A04-3EF9B170DA05}.Release|x64.Build.0 = Release|Any CPU
		{E1B22488-0669-4431-9A04-3EF9B170DA05}.Release|x86.ActiveCfg = Release|Any CPU
		{E1B22488-0669-4431-9A04-3EF9B170DA05}.Release|x86.Build.0 = Release|Any CPU
		{A8B9C1D2-E3F4-5678-9012-3456789ABCDE}.Debug|Any CPU.ActiveCfg = Debug|Any CPU
		{A8B9C1D2-E3F4-5678-9012-3456789ABCDE}.Debug|Any CPU.Build.0 = Debug|Any CPU
		{A8B9C1D2-E3F4-5678-9012-3456789ABCDE}.Debug|x64.ActiveCfg = Debug|Any CPU
		{A8B9C1D2-E3F4-5678-9012-3456789ABCDE}.Debug|x64.Build.0 = Debug|Any CPU
		{A8B9C1D2-E3F4-5678-9012-3456789ABCDE}.Debug|x86.ActiveCfg = Debug|Any CPU
		{A8B9C1D2-E3F4-5678-9012-3456789ABCDE}.Debug|x86.Build.0 = Debug|Any CPU
		{A8B9C1D2-E3F4-5678-9012-3456789ABCDE}.Release|Any CPU.ActiveCfg = Release|Any CPU
		{A8B9C1D2-E3F4-5678-9012-3456789ABCDE}.Release|Any CPU.Build.0 = Release|Any CPU
		{A8B9C1D2-E3F4-5678-9012-3456789ABCDE}.Release|x64.ActiveCfg = Release|Any CPU
		{A8B9C1D2-E3F4-5678-9012-3456789ABCDE}.Release|x64.Build.0 = Release|Any CPU
		{A8B9C1D2-E3F4-5678-9012-3456789ABCDE}.Release|x86.ActiveCfg = Release|Any CPU
		{A8B9C1D2-E3F4-5678-9012-3456789ABCDE}.Release|x86.Build.0 = Release|Any CPU
		{16E31BED-6BCC-4EF3-9547-F8327373782A}.Debug|Any CPU.ActiveCfg = Debug|Any CPU
		{16E31BED-6BCC-4EF3-9547-F8327373782A}.Debug|Any CPU.Build.0 = Debug|Any CPU
		{16E31BED-6BCC-4EF3-9547-F8327373782A}.Debug|x64.ActiveCfg = Debug|Any CPU
		{16E31BED-6BCC-4EF3-9547-F8327373782A}.Debug|x64.Build.0 = Debug|Any CPU
		{16E31BED-6BCC-4EF3-9547-F8327373782A}.Debug|x86.ActiveCfg = Debug|Any CPU
		{16E31BED-6BCC-4EF3-9547-F8327373782A}.Debug|x86.Build.0 = Debug|Any CPU
		{16E31BED-6BCC-4EF3-9547-F8327373782A}.Release|Any CPU.ActiveCfg = Release|Any CPU
		{16E31BED-6BCC-4EF3-9547-F8327373782A}.Release|Any CPU.Build.0 = Release|Any CPU
		{16E31BED-6BCC-4EF3-9547-F8327373782A}.Release|x64.ActiveCfg = Release|Any CPU
		{16E31BED-6BCC-4EF3-9547-F8327373782A}.Release|x64.Build.0 = Release|Any CPU
		{16E31BED-6BCC-4EF3-9547-F8327373782A}.Release|x86.ActiveCfg = Release|Any CPU
		{16E31BED-6BCC-4EF3-9547-F8327373782A}.Release|x86.Build.0 = Release|Any CPU
		{94D25124-396C-4AC9-982B-AD34A7B901E7}.Debug|Any CPU.ActiveCfg = Debug|Any CPU
		{94D25124-396C-4AC9-982B-AD34A7B901E7}.Debug|Any CPU.Build.0 = Debug|Any CPU
		{94D25124-396C-4AC9-982B-AD34A7B901E7}.Debug|x64.ActiveCfg = Debug|Any CPU
		{94D25124-396C-4AC9-982B-AD34A7B901E7}.Debug|x64.Build.0 = Debug|Any CPU
		{94D25124-396C-4AC9-982B-AD34A7B901E7}.Debug|x86.ActiveCfg = Debug|Any CPU
		{94D25124-396C-4AC9-982B-AD34A7B901E7}.Debug|x86.Build.0 = Debug|Any CPU
		{94D25124-396C-4AC9-982B-AD34A7B901E7}.Release|Any CPU.ActiveCfg = Release|Any CPU
		{94D25124-396C-4AC9-982B-AD34A7B901E7}.Release|Any CPU.Build.0 = Release|Any CPU
		{94D25124-396C-4AC9-982B-AD34A7B901E7}.Release|x64.ActiveCfg = Release|Any CPU
		{94D25124-396C-4AC9-982B-AD34A7B901E7}.Release|x64.Build.0 = Release|Any CPU
		{94D25124-396C-4AC9-982B-AD34A7B901E7}.Release|x86.ActiveCfg = Release|Any CPU
		{94D25124-396C-4AC9-982B-AD34A7B901E7}.Release|x86.Build.0 = Release|Any CPU
	EndGlobalSection
	GlobalSection(SolutionProperties) = preSolution
		HideSolutionNode = FALSE
	EndGlobalSection
	GlobalSection(NestedProjects) = preSolution
		{CE7E30EC-18BC-47C3-9161-6B16F611B602} = {827E0CD3-B72D-47B6-A68D-7590B98EB39B}
		{9EF2F06D-7E82-451B-BD96-67FBDB0BEF5A} = {0AB3BF05-4346-4AA6-1389-037BE0695223}
		{E1B22488-0669-4431-9A04-3EF9B170DA05} = {0AB3BF05-4346-4AA6-1389-037BE0695223}
		{A8B9C1D2-E3F4-5678-9012-3456789ABCDE} = {0AB3BF05-4346-4AA6-1389-037BE0695223}
		{16E31BED-6BCC-4EF3-9547-F8327373782A} = {0AB3BF05-4346-4AA6-1389-037BE0695223}
		{94D25124-396C-4AC9-982B-AD34A7B901E7} = {827E0CD3-B72D-47B6-A68D-7590B98EB39B}
	EndGlobalSection
EndGlobal
