
Microsoft Visual Studio Solution File, Format Version 12.00
# Visual Studio Version 16
VisualStudioVersion = 16.0.30114.105
MinimumVisualStudioVersion = 10.0.40219.1
Project("{2150E333-8FDC-42A3-9474-1A3956D46DE8}") = "src", "src", "{B866E040-2CBF-4E58-AAB8-B9EFAD5BF58B}"
EndProject
Project("{FAE04EC0-301F-11D3-BF4B-00C04F79EFBC}") = "MonorailCss", "src\MonorailCss\MonorailCss.csproj", "{680721AF-2320-4BD5-95EB-B51E1B769662}"
EndProject
Project("{2150E333-8FDC-42A3-9474-1A3956D46DE8}") = "test", "test", "{D4C7DB28-D118-4A07-B2A1-74DFADAC578B}"
EndProject
Project("{FAE04EC0-301F-11D3-BF4B-00C04F79EFBC}") = "MonorailCss.Tests", "test\MonorailCss.Tests\MonorailCss.Tests.csproj", "{9AF582FC-30D6-4282-B977-B87A69BDE0AD}"
EndProject
Project("{FAE04EC0-301F-11D3-BF4B-00C04F79EFBC}") = "BlazorServerTestApp", "test\BlazorServerTestApp\BlazorServerTestApp.csproj", "{D1672ED4-4235-4074-8E7A-E93EB0A9B401}"
EndProject
Project("{FAE04EC0-301F-11D3-BF4B-00C04F79EFBC}") = "BlazorWasmTestApp", "test\BlazorWasmTestApp\BlazorWasmTestApp.csproj", "{077595F5-1D98-428B-A313-25ABECB27EA0}"
EndProject
Project("{FAE04EC0-301F-11D3-BF4B-00C04F79EFBC}") = "MonorailCss.BlazorCssJit", "src\MonorailCss.BlazorCssJit\MonorailCss.BlazorCssJit.csproj", "{9735CC0D-680A-4BF9-81B4-CFD54FA9FF56}"
EndProject
Project("{FAE04EC0-301F-11D3-BF4B-00C04F79EFBC}") = "MonoRailCss.Tests.BlazorCssJit", "test\MonoRailCss.Tests.BlazorCssJit\MonoRailCss.Tests.BlazorCssJit.csproj", "{CE099732-54ED-4415-8D8F-0943C59184C6}"
EndProject
Project("{FAE04EC0-301F-11D3-BF4B-00C04F79EFBC}") = "TryMonorail", "src\TryMonorail\TryMonorail.csproj", "{F80937CD-E37E-4D91-8F97-A1EDE47B2638}"
EndProject
Project("{FAE04EC0-301F-11D3-BF4B-00C04F79EFBC}") = "Benchmarks", "test\Benchmarks\Benchmarks.csproj", "{35228A79-FCF7-4EBC-9D5C-E8E625FB40FD}"
EndProject
Global
	GlobalSection(SolutionConfigurationPlatforms) = preSolution
		Debug|Any CPU = Debug|Any CPU
		Release|Any CPU = Release|Any CPU
	EndGlobalSection
	GlobalSection(SolutionProperties) = preSolution
		HideSolutionNode = FALSE
	EndGlobalSection
	GlobalSection(ProjectConfigurationPlatforms) = postSolution
		{680721AF-2320-4BD5-95EB-B51E1B769662}.Debug|Any CPU.ActiveCfg = Debug|Any CPU
		{680721AF-2320-4BD5-95EB-B51E1B769662}.Debug|Any CPU.Build.0 = Debug|Any CPU
		{680721AF-2320-4BD5-95EB-B51E1B769662}.Release|Any CPU.ActiveCfg = Release|Any CPU
		{680721AF-2320-4BD5-95EB-B51E1B769662}.Release|Any CPU.Build.0 = Release|Any CPU
		{9AF582FC-30D6-4282-B977-B87A69BDE0AD}.Debug|Any CPU.ActiveCfg = Debug|Any CPU
		{9AF582FC-30D6-4282-B977-B87A69BDE0AD}.Debug|Any CPU.Build.0 = Debug|Any CPU
		{9AF582FC-30D6-4282-B977-B87A69BDE0AD}.Release|Any CPU.ActiveCfg = Release|Any CPU
		{9AF582FC-30D6-4282-B977-B87A69BDE0AD}.Release|Any CPU.Build.0 = Release|Any CPU
		{D1672ED4-4235-4074-8E7A-E93EB0A9B401}.Debug|Any CPU.ActiveCfg = Debug|Any CPU
		{D1672ED4-4235-4074-8E7A-E93EB0A9B401}.Debug|Any CPU.Build.0 = Debug|Any CPU
		{D1672ED4-4235-4074-8E7A-E93EB0A9B401}.Release|Any CPU.ActiveCfg = Release|Any CPU
		{D1672ED4-4235-4074-8E7A-E93EB0A9B401}.Release|Any CPU.Build.0 = Release|Any CPU
		{077595F5-1D98-428B-A313-25ABECB27EA0}.Debug|Any CPU.ActiveCfg = Debug|Any CPU
		{077595F5-1D98-428B-A313-25ABECB27EA0}.Debug|Any CPU.Build.0 = Debug|Any CPU
		{077595F5-1D98-428B-A313-25ABECB27EA0}.Release|Any CPU.ActiveCfg = Release|Any CPU
		{077595F5-1D98-428B-A313-25ABECB27EA0}.Release|Any CPU.Build.0 = Release|Any CPU
		{9735CC0D-680A-4BF9-81B4-CFD54FA9FF56}.Debug|Any CPU.ActiveCfg = Debug|Any CPU
		{9735CC0D-680A-4BF9-81B4-CFD54FA9FF56}.Debug|Any CPU.Build.0 = Debug|Any CPU
		{9735CC0D-680A-4BF9-81B4-CFD54FA9FF56}.Release|Any CPU.ActiveCfg = Release|Any CPU
		{9735CC0D-680A-4BF9-81B4-CFD54FA9FF56}.Release|Any CPU.Build.0 = Release|Any CPU
		{CE099732-54ED-4415-8D8F-0943C59184C6}.Debug|Any CPU.ActiveCfg = Debug|Any CPU
		{CE099732-54ED-4415-8D8F-0943C59184C6}.Debug|Any CPU.Build.0 = Debug|Any CPU
		{CE099732-54ED-4415-8D8F-0943C59184C6}.Release|Any CPU.ActiveCfg = Release|Any CPU
		{CE099732-54ED-4415-8D8F-0943C59184C6}.Release|Any CPU.Build.0 = Release|Any CPU
		{F80937CD-E37E-4D91-8F97-A1EDE47B2638}.Debug|Any CPU.ActiveCfg = Debug|Any CPU
		{F80937CD-E37E-4D91-8F97-A1EDE47B2638}.Debug|Any CPU.Build.0 = Debug|Any CPU
		{F80937CD-E37E-4D91-8F97-A1EDE47B2638}.Release|Any CPU.ActiveCfg = Release|Any CPU
		{F80937CD-E37E-4D91-8F97-A1EDE47B2638}.Release|Any CPU.Build.0 = Release|Any CPU
		{35228A79-FCF7-4EBC-9D5C-E8E625FB40FD}.Debug|Any CPU.ActiveCfg = Debug|Any CPU
		{35228A79-FCF7-4EBC-9D5C-E8E625FB40FD}.Debug|Any CPU.Build.0 = Debug|Any CPU
		{35228A79-FCF7-4EBC-9D5C-E8E625FB40FD}.Release|Any CPU.ActiveCfg = Release|Any CPU
		{35228A79-FCF7-4EBC-9D5C-E8E625FB40FD}.Release|Any CPU.Build.0 = Release|Any CPU
	EndGlobalSection
	GlobalSection(NestedProjects) = preSolution
		{680721AF-2320-4BD5-95EB-B51E1B769662} = {B866E040-2CBF-4E58-AAB8-B9EFAD5BF58B}
		{9AF582FC-30D6-4282-B977-B87A69BDE0AD} = {D4C7DB28-D118-4A07-B2A1-74DFADAC578B}
		{D1672ED4-4235-4074-8E7A-E93EB0A9B401} = {D4C7DB28-D118-4A07-B2A1-74DFADAC578B}
		{077595F5-1D98-428B-A313-25ABECB27EA0} = {D4C7DB28-D118-4A07-B2A1-74DFADAC578B}
		{9735CC0D-680A-4BF9-81B4-CFD54FA9FF56} = {B866E040-2CBF-4E58-AAB8-B9EFAD5BF58B}
		{CE099732-54ED-4415-8D8F-0943C59184C6} = {D4C7DB28-D118-4A07-B2A1-74DFADAC578B}
		{F80937CD-E37E-4D91-8F97-A1EDE47B2638} = {B866E040-2CBF-4E58-AAB8-B9EFAD5BF58B}
		{35228A79-FCF7-4EBC-9D5C-E8E625FB40FD} = {D4C7DB28-D118-4A07-B2A1-74DFADAC578B}
	EndGlobalSection
EndGlobal
